Microsoft Visual Studio Solution File, Format Version 12.00
# Visual Studio 15
VisualStudioVersion = 15.0.28307.645
MinimumVisualStudioVersion = 10.0.40219.1
Project("{FAE04EC0-301F-11D3-BF4B-00C04F79EFBC}") = "Core", "Core\Core.csproj", "{1C04ED3F-EB31-46D2-BA85-DAA8D2C19F49}"
EndProject
Project("{FAE04EC0-301F-11D3-BF4B-00C04F79EFBC}") = "Benchmark", "Benchmark\Benchmark.csproj", "{39D9059B-1592-4269-866F-800EB378DD77}"
EndProject
Project("{FAE04EC0-301F-11D3-BF4B-00C04F79EFBC}") = "SolverSMT", "SolverSMT\SolverSMT.csproj", "{62E78D5E-9A2A-4153-885F-3A72B5C578AA}"
EndProject
Global
	GlobalSection(SolutionConfigurationPlatforms) = preSolution
		Debug|Any CPU = Debug|Any CPU
		Release|Any CPU = Release|Any CPU
	EndGlobalSection
	GlobalSection(ProjectConfigurationPlatforms) = postSolution
		{1C04ED3F-EB31-46D2-BA85-DAA8D2C19F49}.Debug|Any CPU.ActiveCfg = Debug|Any CPU
		{1C04ED3F-EB31-46D2-BA85-DAA8D2C19F49}.Debug|Any CPU.Build.0 = Debug|Any CPU
		{1C04ED3F-EB31-46D2-BA85-DAA8D2C19F49}.Release|Any CPU.ActiveCfg = Release|Any CPU
		{1C04ED3F-EB31-46D2-BA85-DAA8D2C19F49}.Release|Any CPU.Build.0 = Release|Any CPU
		{39D9059B-1592-4269-866F-800EB378DD77}.Debug|Any CPU.ActiveCfg = Debug|Any CPU
		{39D9059B-1592-4269-866F-800EB378DD77}.Debug|Any CPU.Build.0 = Debug|Any CPU
		{39D9059B-1592-4269-866F-800EB378DD77}.Release|Any CPU.ActiveCfg = Release|Any CPU
		{39D9059B-1592-4269-866F-800EB378DD77}.Release|Any CPU.Build.0 = Release|Any CPU
		{62E78D5E-9A2A-4153-885F-3A72B5C578AA}.Debug|Any CPU.ActiveCfg = Debug|Any CPU
		{62E78D5E-9A2A-4153-885F-3A72B5C578AA}.Debug|Any CPU.Build.0 = Debug|Any CPU
		{62E78D5E-9A2A-4153-885F-3A72B5C578AA}.Release|Any CPU.ActiveCfg = Release|Any CPU
		{62E78D5E-9A2A-4153-885F-3A72B5C578AA}.Release|Any CPU.Build.0 = Release|Any CPU
	EndGlobalSection
	GlobalSection(SolutionProperties) = preSolution
		HideSolutionNode = FALSE
	EndGlobalSection
	GlobalSection(ExtensibilityGlobals) = postSolution
		SolutionGuid = {40EFB667-5DB6-496D-9C8A-93B26F773B80}
	EndGlobalSection
EndGlobal
